
Microsoft Visual Studio Solution File, Format Version 12.00
# Visual Studio 15
VisualStudioVersion = 15.0.28307.1340
MinimumVisualStudioVersion = 10.0.40219.1
Project("{159641D6-6404-4A2A-AE62-294DE0FE8301}") = "SSISGroceryStore", "SSISGroceryStore\SSISGroceryStore.dtproj", "{E7CADE3C-7378-4BCD-A314-199E970AB09F}"
EndProject
Project("{D2ABAB84-BF74-430A-B69E-9DC6D40DDA17}") = "SSASGroceryPurchases", "SSASGroceryPurchases\SSASGroceryPurchases.dwproj", "{CA56449D-2E0A-4EE6-8FAA-6A07B0F9F66A}"
EndProject
Global
	GlobalSection(SolutionConfigurationPlatforms) = preSolution
		Development|Default = Development|Default
	EndGlobalSection
	GlobalSection(ProjectConfigurationPlatforms) = postSolution
		{E7CADE3C-7378-4BCD-A314-199E970AB09F}.Development|Default.ActiveCfg = Development
		{E7CADE3C-7378-4BCD-A314-199E970AB09F}.Development|Default.Build.0 = Development
		{CA56449D-2E0A-4EE6-8FAA-6A07B0F9F66A}.Development|Default.ActiveCfg = Development
		{CA56449D-2E0A-4EE6-8FAA-6A07B0F9F66A}.Development|Default.Build.0 = Development
		{CA56449D-2E0A-4EE6-8FAA-6A07B0F9F66A}.Development|Default.Deploy.0 = Development
	EndGlobalSection
	GlobalSection(SolutionProperties) = preSolution
		HideSolutionNode = FALSE
	EndGlobalSection
	GlobalSection(ExtensibilityGlobals) = postSolution
		SolutionGuid = {9B6C301F-8F3A-418C-8A0C-A6CAF7BB6F63}
	EndGlobalSection
EndGlobal
